
Microsoft Visual Studio Solution File, Format Version 12.00
# Visual Studio Version 17
VisualStudioVersion = 17.5.33516.290
MinimumVisualStudioVersion = 10.0.40219.1
Project("{FAE04EC0-301F-11D3-BF4B-00C04F79EFBC}") = "BasicAssignmentProblems", "BasicAssignmentProblems\BasicAssignmentProblems.csproj", "{86E7903A-2864-4754-A720-4D6712967911}"
EndProject
Global
	GlobalSection(SolutionConfigurationPlatforms) = preSolution
		Debug|Any CPU = Debug|Any CPU
		Release|Any CPU = Release|Any CPU
	EndGlobalSection
	GlobalSection(ProjectConfigurationPlatforms) = postSolution
		{86E7903A-2864-4754-A720-4D6712967911}.Debug|Any CPU.ActiveCfg = Debug|Any CPU
		{86E7903A-2864-4754-A720-4D6712967911}.Debug|Any CPU.Build.0 = Debug|Any CPU
		{86E7903A-2864-4754-A720-4D6712967911}.Release|Any CPU.ActiveCfg = Release|Any CPU
		{86E7903A-2864-4754-A720-4D6712967911}.Release|Any CPU.Build.0 = Release|Any CPU
	EndGlobalSection
	GlobalSection(SolutionProperties) = preSolution
		HideSolutionNode = FALSE
	EndGlobalSection
	GlobalSection(ExtensibilityGlobals) = postSolution
		SolutionGuid = {960656F8-9696-434F-8C7B-BC4135B59F48}
	EndGlobalSection
EndGlobal
